
Microsoft Visual Studio Solution File, Format Version 12.00
# Visual Studio Version 17
VisualStudioVersion = 17.0.32112.339
MinimumVisualStudioVersion = 10.0.40219.1
Project("{9A19103F-16F7-4668-BE54-9A1E7A4F7556}") = "EasyInsuranceAPI", "EasyInsuranceAPI\EasyInsuranceAPI.csproj", "{BA21D158-7FDC-4A6E-B94C-347FBBECA921}"
	ProjectSection(ProjectDependencies) = postProject
		{EE47B670-82B2-4E30-A70E-E949D32915E9} = {EE47B670-82B2-4E30-A70E-E949D32915E9}
	EndProjectSection
EndProject
Project("{2150E333-8FDC-42A3-9474-1A3956D46DE8}") = "1 - Application", "1 - Application", "{2B332AE0-BC21-4E30-8E83-58909EAE595D}"
EndProject
Project("{2150E333-8FDC-42A3-9474-1A3956D46DE8}") = "2 - Service", "2 - Service", "{2D259A44-F0AC-4393-8931-C1678BE1430C}"
EndProject
Project("{2150E333-8FDC-42A3-9474-1A3956D46DE8}") = "3 - Domain", "3 - Domain", "{19DC7BC1-9DFD-4AD5-A4C2-F1D689D0BDA8}"
EndProject
Project("{2150E333-8FDC-42A3-9474-1A3956D46DE8}") = "4 - Repository", "4 - Repository", "{9F09ACD9-2602-4C14-A83D-7AA7111F4FD7}"
EndProject
Project("{2150E333-8FDC-42A3-9474-1A3956D46DE8}") = "5 - Infrastructure", "5 - Infrastructure", "{6F1192D2-92B2-4F6B-8361-32EC2F80F38D}"
EndProject
Project("{9A19103F-16F7-4668-BE54-9A1E7A4F7556}") = "Service", "Service\Service.csproj", "{4081FE2B-BFC4-4BC7-A005-999751F209B5}"
EndProject
Project("{9A19103F-16F7-4668-BE54-9A1E7A4F7556}") = "Domain", "Domain\Domain.csproj", "{EE47B670-82B2-4E30-A70E-E949D32915E9}"
EndProject
Project("{9A19103F-16F7-4668-BE54-9A1E7A4F7556}") = "Repository", "Repository\Repository.csproj", "{7EFB7E8F-4839-4ECD-BD73-E6BDD74DC236}"
EndProject
Project("{9A19103F-16F7-4668-BE54-9A1E7A4F7556}") = "Data", "Infrastructure\Data\Data.csproj", "{B7CFBC75-F8F0-4776-8D12-537FE029561F}"
EndProject
Project("{9A19103F-16F7-4668-BE54-9A1E7A4F7556}") = "CrossCutting", "Infrastructure\CrossCutting\CrossCutting.csproj", "{4A7A83AB-2E87-475F-B3BD-1B02DD4C24C9}"
EndProject
Project("{2150E333-8FDC-42A3-9474-1A3956D46DE8}") = "5.2 - CrossCutting", "5.2 - CrossCutting", "{30DC26DD-2350-4361-B9DA-5189324C9773}"
EndProject
Project("{2150E333-8FDC-42A3-9474-1A3956D46DE8}") = "5.1 - Data", "5.1 - Data", "{0DEFAC2E-DB76-44A3-B3B6-85585405208F}"
EndProject
Global
	GlobalSection(SolutionConfigurationPlatforms) = preSolution
		Debug|Any CPU = Debug|Any CPU
		Release|Any CPU = Release|Any CPU
	EndGlobalSection
	GlobalSection(ProjectConfigurationPlatforms) = postSolution
		{BA21D158-7FDC-4A6E-B94C-347FBBECA921}.Debug|Any CPU.ActiveCfg = Debug|Any CPU
		{BA21D158-7FDC-4A6E-B94C-347FBBECA921}.Debug|Any CPU.Build.0 = Debug|Any CPU
		{BA21D158-7FDC-4A6E-B94C-347FBBECA921}.Release|Any CPU.ActiveCfg = Release|Any CPU
		{BA21D158-7FDC-4A6E-B94C-347FBBECA921}.Release|Any CPU.Build.0 = Release|Any CPU
		{4081FE2B-BFC4-4BC7-A005-999751F209B5}.Debug|Any CPU.ActiveCfg = Debug|Any CPU
		{4081FE2B-BFC4-4BC7-A005-999751F209B5}.Debug|Any CPU.Build.0 = Debug|Any CPU
		{4081FE2B-BFC4-4BC7-A005-999751F209B5}.Release|Any CPU.ActiveCfg = Release|Any CPU
		{4081FE2B-BFC4-4BC7-A005-999751F209B5}.Release|Any CPU.Build.0 = Release|Any CPU
		{EE47B670-82B2-4E30-A70E-E949D32915E9}.Debug|Any CPU.ActiveCfg = Debug|Any CPU
		{EE47B670-82B2-4E30-A70E-E949D32915E9}.Debug|Any CPU.Build.0 = Debug|Any CPU
		{EE47B670-82B2-4E30-A70E-E949D32915E9}.Release|Any CPU.ActiveCfg = Release|Any CPU
		{EE47B670-82B2-4E30-A70E-E949D32915E9}.Release|Any CPU.Build.0 = Release|Any CPU
		{7EFB7E8F-4839-4ECD-BD73-E6BDD74DC236}.Debug|Any CPU.ActiveCfg = Debug|Any CPU
		{7EFB7E8F-4839-4ECD-BD73-E6BDD74DC236}.Debug|Any CPU.Build.0 = Debug|Any CPU
		{7EFB7E8F-4839-4ECD-BD73-E6BDD74DC236}.Release|Any CPU.ActiveCfg = Release|Any CPU
		{7EFB7E8F-4839-4ECD-BD73-E6BDD74DC236}.Release|Any CPU.Build.0 = Release|Any CPU
		{B7CFBC75-F8F0-4776-8D12-537FE029561F}.Debug|Any CPU.ActiveCfg = Debug|Any CPU
		{B7CFBC75-F8F0-4776-8D12-537FE029561F}.Debug|Any CPU.Build.0 = Debug|Any CPU
		{B7CFBC75-F8F0-4776-8D12-537FE029561F}.Release|Any CPU.ActiveCfg = Release|Any CPU
		{B7CFBC75-F8F0-4776-8D12-537FE029561F}.Release|Any CPU.Build.0 = Release|Any CPU
		{4A7A83AB-2E87-475F-B3BD-1B02DD4C24C9}.Debug|Any CPU.ActiveCfg = Debug|Any CPU
		{4A7A83AB-2E87-475F-B3BD-1B02DD4C24C9}.Debug|Any CPU.Build.0 = Debug|Any CPU
		{4A7A83AB-2E87-475F-B3BD-1B02DD4C24C9}.Release|Any CPU.ActiveCfg = Release|Any CPU
		{4A7A83AB-2E87-475F-B3BD-1B02DD4C24C9}.Release|Any CPU.Build.0 = Release|Any CPU
	EndGlobalSection
	GlobalSection(SolutionProperties) = preSolution
		HideSolutionNode = FALSE
	EndGlobalSection
	GlobalSection(NestedProjects) = preSolution
		{BA21D158-7FDC-4A6E-B94C-347FBBECA921} = {2B332AE0-BC21-4E30-8E83-58909EAE595D}
		{4081FE2B-BFC4-4BC7-A005-999751F209B5} = {2D259A44-F0AC-4393-8931-C1678BE1430C}
		{EE47B670-82B2-4E30-A70E-E949D32915E9} = {19DC7BC1-9DFD-4AD5-A4C2-F1D689D0BDA8}
		{7EFB7E8F-4839-4ECD-BD73-E6BDD74DC236} = {9F09ACD9-2602-4C14-A83D-7AA7111F4FD7}
		{B7CFBC75-F8F0-4776-8D12-537FE029561F} = {0DEFAC2E-DB76-44A3-B3B6-85585405208F}
		{4A7A83AB-2E87-475F-B3BD-1B02DD4C24C9} = {30DC26DD-2350-4361-B9DA-5189324C9773}
		{30DC26DD-2350-4361-B9DA-5189324C9773} = {6F1192D2-92B2-4F6B-8361-32EC2F80F38D}
		{0DEFAC2E-DB76-44A3-B3B6-85585405208F} = {6F1192D2-92B2-4F6B-8361-32EC2F80F38D}
	EndGlobalSection
	GlobalSection(ExtensibilityGlobals) = postSolution
		SolutionGuid = {6B00CC4E-EF58-42FA-AEE0-5385FB188822}
	EndGlobalSection
EndGlobal
